// !$*UTF8*$!
{
	archiveVersion = 1;
	classes = {
	};
	objectVersion = 50;
	objects = {

/* Begin PBXBuildFile section */
		E350C9A42448A0E9006FFCDC /* ItemDetailViewController.swift in Sources */ = {isa = PBXBuildFile; fileRef = E350C9A32448A0E9006FFCDC /* ItemDetailViewController.swift */; };
		E3B930B02444A73C005480CF /* ChecklistItem.swift in Sources */ = {isa = PBXBuildFile; fileRef = E3B930AF2444A73C005480CF /* ChecklistItem.swift */; };
		E3EBB02223CB5D0200932AED /* AppDelegate.swift in Sources */ = {isa = PBXBuildFile; fileRef = E3EBB02123CB5D0200932AED /* AppDelegate.swift */; };
		E3EBB02423CB5D0200932AED /* SceneDelegate.swift in Sources */ = {isa = PBXBuildFile; fileRef = E3EBB02323CB5D0200932AED /* SceneDelegate.swift */; };
		E3EBB02623CB5D0200932AED /* ChecklistViewController.swift in Sources */ = {isa = PBXBuildFile; fileRef = E3EBB02523CB5D0200932AED /* ChecklistViewController.swift */; };
		E3EBB02923CB5D0200932AED /* Main.storyboard in Resources */ = {isa = PBXBuildFile; fileRef = E3EBB02723CB5D0200932AED /* Main.storyboard */; };
		E3EBB02B23CB5D0600932AED /* Assets.xcassets in Resources */ = {isa = PBXBuildFile; fileRef = E3EBB02A23CB5D0600932AED /* Assets.xcassets */; };
		E3EBB02E23CB5D0600932AED /* LaunchScreen.storyboard in Resources */ = {isa = PBXBuildFile; fileRef = E3EBB02C23CB5D0600932AED /* LaunchScreen.storyboard */; };
/* End PBXBuildFile section */

/* Begin PBXFileReference section */
		E350C9A32448A0E9006FFCDC /* ItemDetailViewController.swift */ = {isa = PBXFileReference; lastKnownFileType = sourcecode.swift; path = ItemDetailViewController.swift; sourceTree = "<group>"; };
		E3B930AF2444A73C005480CF /* ChecklistItem.swift */ = {isa = PBXFileReference; lastKnownFileType = sourcecode.swift; path = ChecklistItem.swift; sourceTree = "<group>"; };
		E3EBB01E23CB5D0200932AED /* Checklists.app */ = {isa = PBXFileReference; explicitFileType = wrapper.application; includeInIndex = 0; path = Checklists.app; sourceTree = BUILT_PRODUCTS_DIR; };
		E3EBB02123CB5D0200932AED /* AppDelegate.swift */ = {isa = PBXFileReference; lastKnownFileType = sourcecode.swift; path = AppDelegate.swift; sourceTree = "<group>"; };
		E3EBB02323CB5D0200932AED /* SceneDelegate.swift */ = {isa = PBXFileReference; lastKnownFileType = sourcecode.swift; path = SceneDelegate.swift; sourceTree = "<group>"; };
		E3EBB02523CB5D0200932AED /* ChecklistViewController.swift */ = {isa = PBXFileReference; lastKnownFileType = sourcecode.swift; path = ChecklistViewController.swift; sourceTree = "<group>"; };
		E3EBB02823CB5D0200932AED /* Base */ = {isa = PBXFileReference; lastKnownFileType = file.storyboard; name = Base; path = Base.lproj/Main.storyboard; sourceTree = "<group>"; };
		E3EBB02A23CB5D0600932AED /* Assets.xcassets */ = {isa = PBXFileReference; lastKnownFileType = folder.assetcatalog; path = Assets.xcassets; sourceTree = "<group>"; };
		E3EBB02D23CB5D0600932AED /* Base */ = {isa = PBXFileReference; lastKnownFileType = file.storyboard; name = Base; path = Base.lproj/LaunchScreen.storyboard; sourceTree = "<group>"; };
		E3EBB02F23CB5D0600932AED /* Info.plist */ = {isa = PBXFileReference; lastKnownFileType = text.plist.xml; path = Info.plist; sourceTree = "<group>"; };
/* End PBXFileReference section */

/* Begin PBXFrameworksBuildPhase section */
		E3EBB01B23CB5D0200932AED /* Frameworks */ = {
			isa = PBXFrameworksBuildPhase;
			buildActionMask = 2147483647;
			files = (
			);
			runOnlyForDeploymentPostprocessing = 0;
		};
/* End PBXFrameworksBuildPhase section */

/* Begin PBXGroup section */
		E3EBB01523CB5D0200932AED = {
			isa = PBXGroup;
			children = (
				E3EBB02023CB5D0200932AED /* Checklists */,
				E3EBB01F23CB5D0200932AED /* Products */,
			);
			sourceTree = "<group>";
		};
		E3EBB01F23CB5D0200932AED /* Products */ = {
			isa = PBXGroup;
			children = (
				E3EBB01E23CB5D0200932AED /* Checklists.app */,
			);
			name = Products;
			sourceTree = "<group>";
		};
		E3EBB02023CB5D0200932AED /* Checklists */ = {
			isa = PBXGroup;
			children = (
				E3EBB02123CB5D0200932AED /* AppDelegate.swift */,
				E3EBB02323CB5D0200932AED /* SceneDelegate.swift */,
				E3EBB02523CB5D0200932AED /* ChecklistViewController.swift */,
				E3EBB02723CB5D0200932AED /* Main.storyboard */,
				E3EBB02A23CB5D0600932AED /* Assets.xcassets */,
				E3EBB02C23CB5D0600932AED /* LaunchScreen.storyboard */,
				E3EBB02F23CB5D0600932AED /* Info.plist */,
				E3B930AF2444A73C005480CF /* ChecklistItem.swift */,
				E350C9A32448A0E9006FFCDC /* ItemDetailViewController.swift */,
			);
			path = Checklists;
			sourceTree = "<group>";
		};
/* End PBXGroup section */

/* Begin PBXNativeTarget section */
		E3EBB01D23CB5D0200932AED /* Checklists */ = {
			isa = PBXNativeTarget;
			buildConfigurationList = E3EBB03223CB5D0600932AED /* Build configuration list for PBXNativeTarget "Checklists" */;
			buildPhases = (
				E3EBB01A23CB5D0200932AED /* Sources */,
				E3EBB01B23CB5D0200932AED /* Frameworks */,
				E3EBB01C23CB5D0200932AED /* Resources */,
			);
			buildRules = (
			);
			dependencies = (
			);
			name = Checklists;
			productName = Checklists;
			productReference = E3EBB01E23CB5D0200932AED /* Checklists.app */;
			productType = "com.apple.product-type.application";
		};
/* End PBXNativeTarget section */

/* Begin PBXProject section */
		E3EBB01623CB5D0200932AED /* Project object */ = {
			isa = PBXProject;
			attributes = {
				LastSwiftUpdateCheck = 1130;
				LastUpgradeCheck = 1130;
				ORGANIZATIONNAME = Valiant;
				TargetAttributes = {
					E3EBB01D23CB5D0200932AED = {
						CreatedOnToolsVersion = 11.3;
					};
				};
			};
			buildConfigurationList = E3EBB01923CB5D0200932AED /* Build configuration list for PBXProject "Checklists" */;
			compatibilityVersion = "Xcode 9.3";
			developmentRegion = en;
			hasScannedForEncodings = 0;
			knownRegions = (
				en,
				Base,
			);
			mainGroup = E3EBB01523CB5D0200932AED;
			productRefGroup = E3EBB01F23CB5D0200932AED /* Products */;
			projectDirPath = "";
			projectRoot = "";
			targets = (
				E3EBB01D23CB5D0200932AED /* Checklists */,
			);
		};
/* End PBXProject section */

/* Begin PBXResourcesBuildPhase section */
		E3EBB01C23CB5D0200932AED /* Resources */ = {
			isa = PBXResourcesBuildPhase;
			buildActionMask = 2147483647;
			files = (
				E3EBB02E23CB5D0600932AED /* LaunchScreen.storyboard in Resources */,
				E3EBB02B23CB5D0600932AED /* Assets.xcassets in Resources */,
				E3EBB02923CB5D0200932AED /* Main.storyboard in Resources */,
			);
			runOnlyForDeploymentPostprocessing = 0;
		};
/* End PBXResourcesBuildPhase section */

/* Begin PBXSourcesBuildPhase section */
		E3EBB01A23CB5D0200932AED /* Sources */ = {
			isa = PBXSourcesBuildPhase;
			buildActionMask = 2147483647;
			files = (
				E350C9A42448A0E9006FFCDC /* ItemDetailViewController.swift in Sources */,
				E3EBB02623CB5D0200932AED /* ChecklistViewController.swift in Sources */,
				E3EBB02223CB5D0200932AED /* AppDelegate.swift in Sources */,
				E3EBB02423CB5D0200932AED /* SceneDelegate.swift in Sources */,
				E3B930B02444A73C005480CF /* ChecklistItem.swift in Sources */,
			);
			runOnlyForDeploymentPostprocessing = 0;
		};
/* End PBXSourcesBuildPhase section */

/* Begin PBXVariantGroup section */
		E3EBB02723CB5D0200932AED /* Main.storyboard */ = {
			isa = PBXVariantGroup;
			children = (
				E3EBB02823CB5D0200932AED /* Base */,
			);
			name = Main.storyboard;
			sourceTree = "<group>";
		};
		E3EBB02C23CB5D0600932AED /* LaunchScreen.storyboard */ = {
			isa = PBXVariantGroup;
			children = (
				E3EBB02D23CB5D0600932AED /* Base */,
			);
			name = LaunchScreen.storyboard;
			sourceTree = "<group>";
		};
/* End PBXVariantGroup section */

/* Begin XCBuildConfiguration section */
		E3EBB03023CB5D0600932AED /* Debug */ = {
			isa = XCBuildConfiguration;
			buildSettings = {
				ALWAYS_SEARCH_USER_PATHS = NO;
				CLANG_ANALYZER_NONNULL = YES;
				CLANG_ANALYZER_NUMBER_OBJECT_CONVERSION = YES_AGGRESSIVE;
				CLANG_CXX_LANGUAGE_STANDARD = "gnu++14";
				CLANG_CXX_LIBRARY = "libc++";
				CLANG_ENABLE_MODULES = YES;
				CLANG_ENABLE_OBJC_ARC = YES;
				CLANG_ENABLE_OBJC_WEAK = YES;
				CLANG_WARN_BLOCK_CAPTURE_AUTORELEASING = YES;
				CLANG_WARN_BOOL_CONVERSION = YES;
				CLANG_WARN_COMMA = YES;
				CLANG_WARN_CONSTANT_CONVERSION = YES;
				CLANG_WARN_DEPRECATED_OBJC_IMPLEMENTATIONS = YES;
				CLANG_WARN_DIRECT_OBJC_ISA_USAGE = YES_ERROR;
				CLANG_WARN_DOCUMENTATION_COMMENTS = YES;
				CLANG_WARN_EMPTY_BODY = YES;
				CLANG_WARN_ENUM_CONVERSION = YES;
				CLANG_WARN_INFINITE_RECURSION = YES;
				CLANG_WARN_INT_CONVERSION = YES;
				CLANG_WARN_NON_LITERAL_NULL_CONVERSION = YES;
				CLANG_WARN_OBJC_IMPLICIT_RETAIN_SELF = YES;
				CLANG_WARN_OBJC_LITERAL_CONVERSION = YES;
				CLANG_WARN_OBJC_ROOT_CLASS = YES_ERROR;
				CLANG_WARN_RANGE_LOOP_ANALYSIS = YES;
				CLANG_WARN_STRICT_PROTOTYPES = YES;
				CLANG_WARN_SUSPICIOUS_MOVE = YES;
				CLANG_WARN_UNGUARDED_AVAILABILITY = YES_AGGRESSIVE;
				CLANG_WARN_UNREACHABLE_CODE = YES;
				CLANG_WARN__DUPLICATE_METHOD_MATCH = YES;
				COPY_PHASE_STRIP = NO;
				DEBUG_INFORMATION_FORMAT = dwarf;
				ENABLE_STRICT_OBJC_MSGSEND = YES;
				ENABLE_TESTABILITY = YES;
				GCC_C_LANGUAGE_STANDARD = gnu11;
				GCC_DYNAMIC_NO_PIC = NO;
				GCC_NO_COMMON_BLOCKS = YES;
				GCC_OPTIMIZATION_LEVEL = 0;
				GCC_PREPROCESSOR_DEFINITIONS = (
					"DEBUG=1",
					"$(inherited)",
				);
				GCC_WARN_64_TO_32_BIT_CONVERSION = YES;
				GCC_WARN_ABOUT_RETURN_TYPE = YES_ERROR;
				GCC_WARN_UNDECLARED_SELECTOR = YES;
				GCC_WARN_UNINITIALIZED_AUTOS = YES_AGGRESSIVE;
				GCC_WARN_UNUSED_FUNCTION = YES;
				GCC_WARN_UNUSED_VARIABLE = YES;
				IPHONEOS_DEPLOYMENT_TARGET = 13.2;
				MTL_ENABLE_DEBUG_INFO = INCLUDE_SOURCE;
				MTL_FAST_MATH = YES;
				ONLY_ACTIVE_ARCH = YES;
				SDKROOT = iphoneos;
				SWIFT_ACTIVE_COMPILATION_CONDITIONS = DEBUG;
				SWIFT_OPTIMIZATION_LEVEL = "-Onone";
			};
			name = Debug;
		};
		E3EBB03123CB5D0600932AED /* Release */ = {
			isa = XCBuildConfiguration;
			buildSettings = {
				ALWAYS_SEARCH_USER_PATHS = NO;
				CLANG_ANALYZER_NONNULL = YES;
				CLANG_ANALYZER_NUMBER_OBJECT_CONVERSION = YES_AGGRESSIVE;
				CLANG_CXX_LANGUAGE_STANDARD = "gnu++14";
				CLANG_CXX_LIBRARY = "libc++";
				CLANG_ENABLE_MODULES = YES;
				CLANG_ENABLE_OBJC_ARC = YES;
				CLANG_ENABLE_OBJC_WEAK = YES;
				CLANG_WARN_BLOCK_CAPTURE_AUTORELEASING = YES;
				CLANG_WARN_BOOL_CONVERSION = YES;
				CLANG_WARN_COMMA = YES;
				CLANG_WARN_CONSTANT_CONVERSION = YES;
				CLANG_WARN_DEPRECATED_OBJC_IMPLEMENTATIONS = YES;
				CLANG_WARN_DIRECT_OBJC_ISA_USAGE = YES_ERROR;
				CLANG_WARN_DOCUMENTATION_COMMENTS = YES;
				CLANG_WARN_EMPTY_BODY = YES;
				CLANG_WARN_ENUM_CONVERSION = YES;
				CLANG_WARN_INFINITE_RECURSION = YES;
				CLANG_WARN_INT_CONVERSION = YES;
				CLANG_WARN_NON_LITERAL_NULL_CONVERSION = YES;
				CLANG_WARN_OBJC_IMPLICIT_RETAIN_SELF = YES;
				CLANG_WARN_OBJC_LITERAL_CONVERSION = YES;
				CLANG_WARN_OBJC_ROOT_CLASS = YES_ERROR;
				CLANG_WARN_RANGE_LOOP_ANALYSIS = YES;
				CLANG_WARN_STRICT_PROTOTYPES = YES;
				CLANG_WARN_SUSPICIOUS_MOVE = YES;
				CLANG_WARN_UNGUARDED_AVAILABILITY = YES_AGGRESSIVE;
				CLANG_WARN_UNREACHABLE_CODE = YES;
				CLANG_WARN__DUPLICATE_METHOD_MATCH = YES;
				COPY_PHASE_STRIP = NO;
				DEBUG_INFORMATION_FORMAT = "dwarf-with-dsym";
				ENABLE_NS_ASSERTIONS = NO;
				ENABLE_STRICT_OBJC_MSGSEND = YES;
				GCC_C_LANGUAGE_STANDARD = gnu11;
				GCC_NO_COMMON_BLOCKS = YES;
				GCC_WARN_64_TO_32_BIT_CONVERSION = YES;
				GCC_WARN_ABOUT_RETURN_TYPE = YES_ERROR;
				GCC_WARN_UNDECLARED_SELECTOR = YES;
				GCC_WARN_UNINITIALIZED_AUTOS = YES_AGGRESSIVE;
				GCC_WARN_UNUSED_FUNCTION = YES;
				GCC_WARN_UNUSED_VARIABLE = YES;
				IPHONEOS_DEPLOYMENT_TARGET = 13.2;
				MTL_ENABLE_DEBUG_INFO = NO;
				MTL_FAST_MATH = YES;
				SDKROOT = iphoneos;
				SWIFT_COMPILATION_MODE = wholemodule;
				SWIFT_OPTIMIZATION_LEVEL = "-O";
				VALIDATE_PRODUCT = YES;
			};
			name = Release;
		};
		E3EBB03323CB5D0600932AED /* Debug */ = {
			isa = XCBuildConfiguration;
			buildSettings = {
				ASSETCATALOG_COMPILER_APPICON_NAME = AppIcon;
				CODE_SIGN_STYLE = Automatic;
				DEVELOPMENT_TEAM = SUH2BDY77G;
				INFOPLIST_FILE = Checklists/Info.plist;
				LD_RUNPATH_SEARCH_PATHS = (
					"$(inherited)",
					"@executable_path/Frameworks",
				);
				PRODUCT_BUNDLE_IDENTIFIER = CE.Checklists;
				PRODUCT_NAME = "$(TARGET_NAME)";
				SWIFT_VERSION = 5.0;
				TARGETED_DEVICE_FAMILY = "1,2";
			};
			name = Debug;
		};
		E3EBB03423CB5D0600932AED /* Release */ = {
			isa = XCBuildConfiguration;
			buildSettings = {
				ASSETCATALOG_COMPILER_APPICON_NAME = AppIcon;
				CODE_SIGN_STYLE = Automatic;
				DEVELOPMENT_TEAM = SUH2BDY77G;
				INFOPLIST_FILE = Checklists/Info.plist;
				LD_RUNPATH_SEARCH_PATHS = (
					"$(inherited)",
					"@executable_path/Frameworks",
				);
				PRODUCT_BUNDLE_IDENTIFIER = CE.Checklists;
				PRODUCT_NAME = "$(TARGET_NAME)";
				SWIFT_VERSION = 5.0;
				TARGETED_DEVICE_FAMILY = "1,2";
			};
			name = Release;
		};
/* End XCBuildConfiguration section */

/* Begin XCConfigurationList section */
		E3EBB01923CB5D0200932AED /* Build configuration list for PBXProject "Checklists" */ = {
			isa = XCConfigurationList;
			buildConfigurations = (
				E3EBB03023CB5D0600932AED /* Debug */,
				E3EBB03123CB5D0600932AED /* Release */,
			);
			defaultConfigurationIsVisible = 0;
			defaultConfigurationName = Release;
		};
		E3EBB03223CB5D0600932AED /* Build configuration list for PBXNativeTarget "Checklists" */ = {
			isa = XCConfigurationList;
			buildConfigurations = (
				E3EBB03323CB5D0600932AED /* Debug */,
				E3EBB03423CB5D0600932AED /* Release */,
			);
			defaultConfigurationIsVisible = 0;
			defaultConfigurationName = Release;
		};
/* End XCConfigurationList section */
	};
	rootObject = E3EBB01623CB5D0200932AED /* Project object */;
}
